
Microsoft Visual Studio Solution File, Format Version 12.00
# Visual Studio 15
VisualStudioVersion = 15.0.27004.2010
MinimumVisualStudioVersion = 10.0.40219.1
Project("{FAE04EC0-301F-11D3-BF4B-00C04F79EFBC}") = "Helper", "Helper\Helper.csproj", "{05BBD45A-CB16-4A33-B8D8-921E9FB61E80}"
EndProject
Project("{FAE04EC0-301F-11D3-BF4B-00C04F79EFBC}") = "DayTemplate", "DayTemplate\DayTemplate.csproj", "{9C1E8189-BB6B-41E4-96F3-21853C6234F7}"
EndProject
Project("{FAE04EC0-301F-11D3-BF4B-00C04F79EFBC}") = "Day01", "Day01\Day01.csproj", "{7294185A-E798-4CEE-95D8-B5623B08BE5B}"
EndProject
Project("{FAE04EC0-301F-11D3-BF4B-00C04F79EFBC}") = "Day02", "Day02\Day02.csproj", "{1B5EA3B3-688F-467C-94E1-B6AF6F851063}"
EndProject
Project("{FAE04EC0-301F-11D3-BF4B-00C04F79EFBC}") = "Day03", "Day03\Day03.csproj", "{8891ECD0-B303-4AE5-85AA-CD06A5043518}"
EndProject
Project("{FAE04EC0-301F-11D3-BF4B-00C04F79EFBC}") = "Day04", "Day04\Day04.csproj", "{C5D000BE-2BA9-48F3-BBAE-91079D9EAE19}"
EndProject
Project("{FAE04EC0-301F-11D3-BF4B-00C04F79EFBC}") = "Day05", "Day05\Day05.csproj", "{9C2E2F01-D2F3-4CAF-994B-7BA00D1221CB}"
EndProject
Project("{FAE04EC0-301F-11D3-BF4B-00C04F79EFBC}") = "Day06", "Day06\Day06.csproj", "{03C9CB16-6C95-45F2-B6EF-9BC6F9C78187}"
EndProject
Project("{FAE04EC0-301F-11D3-BF4B-00C04F79EFBC}") = "Day07", "Day07\Day07.csproj", "{4FAA7185-2898-4019-A760-090F574A47E5}"
EndProject
Project("{FAE04EC0-301F-11D3-BF4B-00C04F79EFBC}") = "Day08", "Day08\Day08.csproj", "{F307C3AC-C490-4E4C-B489-BD4F7D4089A5}"
EndProject
Project("{FAE04EC0-301F-11D3-BF4B-00C04F79EFBC}") = "Day09", "Day09\Day09.csproj", "{881562D6-72A8-43ED-9BA3-3B433B27F994}"
EndProject
Project("{FAE04EC0-301F-11D3-BF4B-00C04F79EFBC}") = "Day10", "Day10\Day10.csproj", "{C978AF51-171F-4F3D-8D17-F328AFC55590}"
EndProject
Project("{FAE04EC0-301F-11D3-BF4B-00C04F79EFBC}") = "Day11", "Day11\Day11.csproj", "{9F470FE1-2E88-44CA-BDE4-CEB6A027C30A}"
EndProject
Project("{FAE04EC0-301F-11D3-BF4B-00C04F79EFBC}") = "Day12", "Day12\Day12.csproj", "{4CA6006B-D6DA-4D03-97D4-8E8FBF59FDEB}"
EndProject
Project("{FAE04EC0-301F-11D3-BF4B-00C04F79EFBC}") = "Day13", "Day13\Day13.csproj", "{540896FD-1131-40C0-B0AF-5910E0995101}"
EndProject
Project("{FAE04EC0-301F-11D3-BF4B-00C04F79EFBC}") = "Day14", "Day14\Day14.csproj", "{6A5B34F2-2BA6-4EE5-BF16-408F5C39374A}"
EndProject
Global
	GlobalSection(SolutionConfigurationPlatforms) = preSolution
		Debug|Any CPU = Debug|Any CPU
		Release|Any CPU = Release|Any CPU
	EndGlobalSection
	GlobalSection(ProjectConfigurationPlatforms) = postSolution
		{05BBD45A-CB16-4A33-B8D8-921E9FB61E80}.Debug|Any CPU.ActiveCfg = Debug|Any CPU
		{05BBD45A-CB16-4A33-B8D8-921E9FB61E80}.Debug|Any CPU.Build.0 = Debug|Any CPU
		{05BBD45A-CB16-4A33-B8D8-921E9FB61E80}.Release|Any CPU.ActiveCfg = Release|Any CPU
		{05BBD45A-CB16-4A33-B8D8-921E9FB61E80}.Release|Any CPU.Build.0 = Release|Any CPU
		{9C1E8189-BB6B-41E4-96F3-21853C6234F7}.Debug|Any CPU.ActiveCfg = Debug|Any CPU
		{9C1E8189-BB6B-41E4-96F3-21853C6234F7}.Debug|Any CPU.Build.0 = Debug|Any CPU
		{9C1E8189-BB6B-41E4-96F3-21853C6234F7}.Release|Any CPU.ActiveCfg = Release|Any CPU
		{9C1E8189-BB6B-41E4-96F3-21853C6234F7}.Release|Any CPU.Build.0 = Release|Any CPU
		{7294185A-E798-4CEE-95D8-B5623B08BE5B}.Debug|Any CPU.ActiveCfg = Debug|Any CPU
		{7294185A-E798-4CEE-95D8-B5623B08BE5B}.Debug|Any CPU.Build.0 = Debug|Any CPU
		{7294185A-E798-4CEE-95D8-B5623B08BE5B}.Release|Any CPU.ActiveCfg = Release|Any CPU
		{7294185A-E798-4CEE-95D8-B5623B08BE5B}.Release|Any CPU.Build.0 = Release|Any CPU
		{1B5EA3B3-688F-467C-94E1-B6AF6F851063}.Debug|Any CPU.ActiveCfg = Debug|Any CPU
		{1B5EA3B3-688F-467C-94E1-B6AF6F851063}.Debug|Any CPU.Build.0 = Debug|Any CPU
		{1B5EA3B3-688F-467C-94E1-B6AF6F851063}.Release|Any CPU.ActiveCfg = Release|Any CPU
		{1B5EA3B3-688F-467C-94E1-B6AF6F851063}.Release|Any CPU.Build.0 = Release|Any CPU
		{8891ECD0-B303-4AE5-85AA-CD06A5043518}.Debug|Any CPU.ActiveCfg = Debug|Any CPU
		{8891ECD0-B303-4AE5-85AA-CD06A5043518}.Debug|Any CPU.Build.0 = Debug|Any CPU
		{8891ECD0-B303-4AE5-85AA-CD06A5043518}.Release|Any CPU.ActiveCfg = Release|Any CPU
		{8891ECD0-B303-4AE5-85AA-CD06A5043518}.Release|Any CPU.Build.0 = Release|Any CPU
		{C5D000BE-2BA9-48F3-BBAE-91079D9EAE19}.Debug|Any CPU.ActiveCfg = Debug|Any CPU
		{C5D000BE-2BA9-48F3-BBAE-91079D9EAE19}.Debug|Any CPU.Build.0 = Debug|Any CPU
		{C5D000BE-2BA9-48F3-BBAE-91079D9EAE19}.Release|Any CPU.ActiveCfg = Release|Any CPU
		{C5D000BE-2BA9-48F3-BBAE-91079D9EAE19}.Release|Any CPU.Build.0 = Release|Any CPU
		{9C2E2F01-D2F3-4CAF-994B-7BA00D1221CB}.Debug|Any CPU.ActiveCfg = Debug|Any CPU
		{9C2E2F01-D2F3-4CAF-994B-7BA00D1221CB}.Debug|Any CPU.Build.0 = Debug|Any CPU
		{9C2E2F01-D2F3-4CAF-994B-7BA00D1221CB}.Release|Any CPU.ActiveCfg = Release|Any CPU
		{9C2E2F01-D2F3-4CAF-994B-7BA00D1221CB}.Release|Any CPU.Build.0 = Release|Any CPU
		{03C9CB16-6C95-45F2-B6EF-9BC6F9C78187}.Debug|Any CPU.ActiveCfg = Debug|Any CPU
		{03C9CB16-6C95-45F2-B6EF-9BC6F9C78187}.Debug|Any CPU.Build.0 = Debug|Any CPU
		{03C9CB16-6C95-45F2-B6EF-9BC6F9C78187}.Release|Any CPU.ActiveCfg = Release|Any CPU
		{03C9CB16-6C95-45F2-B6EF-9BC6F9C78187}.Release|Any CPU.Build.0 = Release|Any CPU
		{4FAA7185-2898-4019-A760-090F574A47E5}.Debug|Any CPU.ActiveCfg = Debug|Any CPU
		{4FAA7185-2898-4019-A760-090F574A47E5}.Debug|Any CPU.Build.0 = Debug|Any CPU
		{4FAA7185-2898-4019-A760-090F574A47E5}.Release|Any CPU.ActiveCfg = Release|Any CPU
		{4FAA7185-2898-4019-A760-090F574A47E5}.Release|Any CPU.Build.0 = Release|Any CPU
		{F307C3AC-C490-4E4C-B489-BD4F7D4089A5}.Debug|Any CPU.ActiveCfg = Debug|Any CPU
		{F307C3AC-C490-4E4C-B489-BD4F7D4089A5}.Debug|Any CPU.Build.0 = Debug|Any CPU
		{F307C3AC-C490-4E4C-B489-BD4F7D4089A5}.Release|Any CPU.ActiveCfg = Release|Any CPU
		{F307C3AC-C490-4E4C-B489-BD4F7D4089A5}.Release|Any CPU.Build.0 = Release|Any CPU
		{881562D6-72A8-43ED-9BA3-3B433B27F994}.Debug|Any CPU.ActiveCfg = Debug|Any CPU
		{881562D6-72A8-43ED-9BA3-3B433B27F994}.Debug|Any CPU.Build.0 = Debug|Any CPU
		{881562D6-72A8-43ED-9BA3-3B433B27F994}.Release|Any CPU.ActiveCfg = Release|Any CPU
		{881562D6-72A8-43ED-9BA3-3B433B27F994}.Release|Any CPU.Build.0 = Release|Any CPU
		{C978AF51-171F-4F3D-8D17-F328AFC55590}.Debug|Any CPU.ActiveCfg = Debug|Any CPU
		{C978AF51-171F-4F3D-8D17-F328AFC55590}.Debug|Any CPU.Build.0 = Debug|Any CPU
		{C978AF51-171F-4F3D-8D17-F328AFC55590}.Release|Any CPU.ActiveCfg = Release|Any CPU
		{C978AF51-171F-4F3D-8D17-F328AFC55590}.Release|Any CPU.Build.0 = Release|Any CPU
		{9F470FE1-2E88-44CA-BDE4-CEB6A027C30A}.Debug|Any CPU.ActiveCfg = Debug|Any CPU
		{9F470FE1-2E88-44CA-BDE4-CEB6A027C30A}.Debug|Any CPU.Build.0 = Debug|Any CPU
		{9F470FE1-2E88-44CA-BDE4-CEB6A027C30A}.Release|Any CPU.ActiveCfg = Release|Any CPU
		{9F470FE1-2E88-44CA-BDE4-CEB6A027C30A}.Release|Any CPU.Build.0 = Release|Any CPU
		{4CA6006B-D6DA-4D03-97D4-8E8FBF59FDEB}.Debug|Any CPU.ActiveCfg = Debug|Any CPU
		{4CA6006B-D6DA-4D03-97D4-8E8FBF59FDEB}.Debug|Any CPU.Build.0 = Debug|Any CPU
		{4CA6006B-D6DA-4D03-97D4-8E8FBF59FDEB}.Release|Any CPU.ActiveCfg = Release|Any CPU
		{4CA6006B-D6DA-4D03-97D4-8E8FBF59FDEB}.Release|Any CPU.Build.0 = Release|Any CPU
		{540896FD-1131-40C0-B0AF-5910E0995101}.Debug|Any CPU.ActiveCfg = Debug|Any CPU
		{540896FD-1131-40C0-B0AF-5910E0995101}.Debug|Any CPU.Build.0 = Debug|Any CPU
		{540896FD-1131-40C0-B0AF-5910E0995101}.Release|Any CPU.ActiveCfg = Release|Any CPU
		{540896FD-1131-40C0-B0AF-5910E0995101}.Release|Any CPU.Build.0 = Release|Any CPU
		{6A5B34F2-2BA6-4EE5-BF16-408F5C39374A}.Debug|Any CPU.ActiveCfg = Debug|Any CPU
		{6A5B34F2-2BA6-4EE5-BF16-408F5C39374A}.Debug|Any CPU.Build.0 = Debug|Any CPU
		{6A5B34F2-2BA6-4EE5-BF16-408F5C39374A}.Release|Any CPU.ActiveCfg = Release|Any CPU
		{6A5B34F2-2BA6-4EE5-BF16-408F5C39374A}.Release|Any CPU.Build.0 = Release|Any CPU
	EndGlobalSection
	GlobalSection(SolutionProperties) = preSolution
		HideSolutionNode = FALSE
	EndGlobalSection
	GlobalSection(ExtensibilityGlobals) = postSolution
		SolutionGuid = {F7A9353A-7C32-41C5-8C4E-405B0DC04EDC}
	EndGlobalSection
EndGlobal
